
Microsoft Visual Studio Solution File, Format Version 12.00
# Visual Studio Version 17
VisualStudioVersion = 17.1.32210.238
MinimumVisualStudioVersion = 10.0.40219.1
Project("{FAE04EC0-301F-11D3-BF4B-00C04F79EFBC}") = "UserRegistrationProblem", "UserRegistrationProblem\UserRegistrationProblem.csproj", "{F284ECEB-4C4B-44DE-9660-B1C8037563E3}"
EndProject
Project("{FAE04EC0-301F-11D3-BF4B-00C04F79EFBC}") = "TestProject", "TestProject\TestProject.csproj", "{E1E236EB-A5B4-4284-BB4F-1E6B0EC574D8}"
EndProject
Global
	GlobalSection(SolutionConfigurationPlatforms) = preSolution
		Debug|Any CPU = Debug|Any CPU
		Release|Any CPU = Release|Any CPU
	EndGlobalSection
	GlobalSection(ProjectConfigurationPlatforms) = postSolution
		{F284ECEB-4C4B-44DE-9660-B1C8037563E3}.Debug|Any CPU.ActiveCfg = Debug|Any CPU
		{F284ECEB-4C4B-44DE-9660-B1C8037563E3}.Debug|Any CPU.Build.0 = Debug|Any CPU
		{F284ECEB-4C4B-44DE-9660-B1C8037563E3}.Release|Any CPU.ActiveCfg = Release|Any CPU
		{F284ECEB-4C4B-44DE-9660-B1C8037563E3}.Release|Any CPU.Build.0 = Release|Any CPU
		{E1E236EB-A5B4-4284-BB4F-1E6B0EC574D8}.Debug|Any CPU.ActiveCfg = Debug|Any CPU
		{E1E236EB-A5B4-4284-BB4F-1E6B0EC574D8}.Debug|Any CPU.Build.0 = Debug|Any CPU
		{E1E236EB-A5B4-4284-BB4F-1E6B0EC574D8}.Release|Any CPU.ActiveCfg = Release|Any CPU
		{E1E236EB-A5B4-4284-BB4F-1E6B0EC574D8}.Release|Any CPU.Build.0 = Release|Any CPU
	EndGlobalSection
	GlobalSection(SolutionProperties) = preSolution
		HideSolutionNode = FALSE
	EndGlobalSection
	GlobalSection(ExtensibilityGlobals) = postSolution
		SolutionGuid = {E6AC59B7-AFDF-4078-8369-754C60DE6503}
	EndGlobalSection
EndGlobal
